
Microsoft Visual Studio Solution File, Format Version 12.00
# Visual Studio Version 16
VisualStudioVersion = 16.0.30804.86
MinimumVisualStudioVersion = 10.0.40219.1
Project("{FAE04EC0-301F-11D3-BF4B-00C04F79EFBC}") = "APIRuleta", "APIRuleta\APIRuleta.csproj", "{0985B884-3230-4541-B6A3-755673C30267}"
EndProject
Global
	GlobalSection(SolutionConfigurationPlatforms) = preSolution
		Debug|Any CPU = Debug|Any CPU
		Release|Any CPU = Release|Any CPU
	EndGlobalSection
	GlobalSection(ProjectConfigurationPlatforms) = postSolution
		{0985B884-3230-4541-B6A3-755673C30267}.Debug|Any CPU.ActiveCfg = Debug|Any CPU
		{0985B884-3230-4541-B6A3-755673C30267}.Debug|Any CPU.Build.0 = Debug|Any CPU
		{0985B884-3230-4541-B6A3-755673C30267}.Release|Any CPU.ActiveCfg = Release|Any CPU
		{0985B884-3230-4541-B6A3-755673C30267}.Release|Any CPU.Build.0 = Release|Any CPU
	EndGlobalSection
	GlobalSection(SolutionProperties) = preSolution
		HideSolutionNode = FALSE
	EndGlobalSection
	GlobalSection(ExtensibilityGlobals) = postSolution
		SolutionGuid = {5924D749-B56C-4E3E-BC33-FAB767912DE2}
	EndGlobalSection
EndGlobal
